
Microsoft Visual Studio Solution File, Format Version 12.00
# Visual Studio Version 17
VisualStudioVersion = 17.13.35913.81 d17.13
MinimumVisualStudioVersion = 10.0.40219.1
Project("{FAE04EC0-301F-11D3-BF4B-00C04F79EFBC}") = "2206. Divide Array Into Equal Pairs", "2206. Divide Array Into Equal Pairs\2206. Divide Array Into Equal Pairs.csproj", "{0CDDB647-73D1-43AB-BB97-4C93E5D44B4F}"
EndProject
Global
	GlobalSection(SolutionConfigurationPlatforms) = preSolution
		Debug|Any CPU = Debug|Any CPU
		Release|Any CPU = Release|Any CPU
	EndGlobalSection
	GlobalSection(ProjectConfigurationPlatforms) = postSolution
		{0CDDB647-73D1-43AB-BB97-4C93E5D44B4F}.Debug|Any CPU.ActiveCfg = Debug|Any CPU
		{0CDDB647-73D1-43AB-BB97-4C93E5D44B4F}.Debug|Any CPU.Build.0 = Debug|Any CPU
		{0CDDB647-73D1-43AB-BB97-4C93E5D44B4F}.Release|Any CPU.ActiveCfg = Release|Any CPU
		{0CDDB647-73D1-43AB-BB97-4C93E5D44B4F}.Release|Any CPU.Build.0 = Release|Any CPU
	EndGlobalSection
	GlobalSection(SolutionProperties) = preSolution
		HideSolutionNode = FALSE
	EndGlobalSection
	GlobalSection(ExtensibilityGlobals) = postSolution
		SolutionGuid = {C04C73E1-010D-4832-A267-99BF1511D7D4}
	EndGlobalSection
EndGlobal
