
Microsoft Visual Studio Solution File, Format Version 12.00
# Visual Studio Version 17
VisualStudioVersion = 17.13.35913.81 d17.13
MinimumVisualStudioVersion = 10.0.40219.1
Project("{FAE04EC0-301F-11D3-BF4B-00C04F79EFBC}") = "34. Find First and Last Position of Element in Sorted", "34. Find First and Last Position of Element in Sorted\34. Find First and Last Position of Element in Sorted.csproj", "{D0933722-4EBD-4B3C-91E5-039D142B3668}"
EndProject
Global
	GlobalSection(SolutionConfigurationPlatforms) = preSolution
		Debug|Any CPU = Debug|Any CPU
		Release|Any CPU = Release|Any CPU
	EndGlobalSection
	GlobalSection(ProjectConfigurationPlatforms) = postSolution
		{D0933722-4EBD-4B3C-91E5-039D142B3668}.Debug|Any CPU.ActiveCfg = Debug|Any CPU
		{D0933722-4EBD-4B3C-91E5-039D142B3668}.Debug|Any CPU.Build.0 = Debug|Any CPU
		{D0933722-4EBD-4B3C-91E5-039D142B3668}.Release|Any CPU.ActiveCfg = Release|Any CPU
		{D0933722-4EBD-4B3C-91E5-039D142B3668}.Release|Any CPU.Build.0 = Release|Any CPU
	EndGlobalSection
	GlobalSection(SolutionProperties) = preSolution
		HideSolutionNode = FALSE
	EndGlobalSection
	GlobalSection(ExtensibilityGlobals) = postSolution
		SolutionGuid = {24124FE0-2215-4943-800E-CD2BFF578373}
	EndGlobalSection
EndGlobal
