
Microsoft Visual Studio Solution File, Format Version 12.00
# Visual Studio Version 17
VisualStudioVersion = 17.13.35913.81 d17.13
MinimumVisualStudioVersion = 10.0.40219.1
Project("{FAE04EC0-301F-11D3-BF4B-00C04F79EFBC}") = "11. Container With Most Water", "11. Container With Most Water\11. Container With Most Water.csproj", "{2664AEC4-5E22-4761-BA5D-334BB6056D82}"
EndProject
Global
	GlobalSection(SolutionConfigurationPlatforms) = preSolution
		Debug|Any CPU = Debug|Any CPU
		Release|Any CPU = Release|Any CPU
	EndGlobalSection
	GlobalSection(ProjectConfigurationPlatforms) = postSolution
		{2664AEC4-5E22-4761-BA5D-334BB6056D82}.Debug|Any CPU.ActiveCfg = Debug|Any CPU
		{2664AEC4-5E22-4761-BA5D-334BB6056D82}.Debug|Any CPU.Build.0 = Debug|Any CPU
		{2664AEC4-5E22-4761-BA5D-334BB6056D82}.Release|Any CPU.ActiveCfg = Release|Any CPU
		{2664AEC4-5E22-4761-BA5D-334BB6056D82}.Release|Any CPU.Build.0 = Release|Any CPU
	EndGlobalSection
	GlobalSection(SolutionProperties) = preSolution
		HideSolutionNode = FALSE
	EndGlobalSection
	GlobalSection(ExtensibilityGlobals) = postSolution
		SolutionGuid = {A2D4BA9A-F683-4129-8C3F-19C703417B19}
	EndGlobalSection
EndGlobal
