
Microsoft Visual Studio Solution File, Format Version 12.00
# Visual Studio Version 17
VisualStudioVersion = 17.13.35913.81 d17.13
MinimumVisualStudioVersion = 10.0.40219.1
Project("{FAE04EC0-301F-11D3-BF4B-00C04F79EFBC}") = "1128. Number of Equivalent Domino Pairs", "1128. Number of Equivalent Domino Pairs\1128. Number of Equivalent Domino Pairs.csproj", "{520806D9-FB87-4B17-B7B6-B0F710F543BA}"
EndProject
Global
	GlobalSection(SolutionConfigurationPlatforms) = preSolution
		Debug|Any CPU = Debug|Any CPU
		Release|Any CPU = Release|Any CPU
	EndGlobalSection
	GlobalSection(ProjectConfigurationPlatforms) = postSolution
		{520806D9-FB87-4B17-B7B6-B0F710F543BA}.Debug|Any CPU.ActiveCfg = Debug|Any CPU
		{520806D9-FB87-4B17-B7B6-B0F710F543BA}.Debug|Any CPU.Build.0 = Debug|Any CPU
		{520806D9-FB87-4B17-B7B6-B0F710F543BA}.Release|Any CPU.ActiveCfg = Release|Any CPU
		{520806D9-FB87-4B17-B7B6-B0F710F543BA}.Release|Any CPU.Build.0 = Release|Any CPU
	EndGlobalSection
	GlobalSection(SolutionProperties) = preSolution
		HideSolutionNode = FALSE
	EndGlobalSection
	GlobalSection(ExtensibilityGlobals) = postSolution
		SolutionGuid = {BFEC59AD-0535-4254-B77B-CE611D282E39}
	EndGlobalSection
EndGlobal
