
Microsoft Visual Studio Solution File, Format Version 12.00
# Visual Studio Version 17
VisualStudioVersion = 17.13.35913.81 d17.13
MinimumVisualStudioVersion = 10.0.40219.1
Project("{FAE04EC0-301F-11D3-BF4B-00C04F79EFBC}") = "1007. Minimum Domino Rotations For Equal Row", "1007. Minimum Domino Rotations For Equal Row\1007. Minimum Domino Rotations For Equal Row.csproj", "{BC5FE7A0-45D3-42CD-BB65-A34D17F16861}"
EndProject
Global
	GlobalSection(SolutionConfigurationPlatforms) = preSolution
		Debug|Any CPU = Debug|Any CPU
		Release|Any CPU = Release|Any CPU
	EndGlobalSection
	GlobalSection(ProjectConfigurationPlatforms) = postSolution
		{BC5FE7A0-45D3-42CD-BB65-A34D17F16861}.Debug|Any CPU.ActiveCfg = Debug|Any CPU
		{BC5FE7A0-45D3-42CD-BB65-A34D17F16861}.Debug|Any CPU.Build.0 = Debug|Any CPU
		{BC5FE7A0-45D3-42CD-BB65-A34D17F16861}.Release|Any CPU.ActiveCfg = Release|Any CPU
		{BC5FE7A0-45D3-42CD-BB65-A34D17F16861}.Release|Any CPU.Build.0 = Release|Any CPU
	EndGlobalSection
	GlobalSection(SolutionProperties) = preSolution
		HideSolutionNode = FALSE
	EndGlobalSection
	GlobalSection(ExtensibilityGlobals) = postSolution
		SolutionGuid = {1193E677-A2B6-4F93-934C-8CDA2FA6F5EC}
	EndGlobalSection
EndGlobal
