
Microsoft Visual Studio Solution File, Format Version 12.00
# Visual Studio Version 17
VisualStudioVersion = 17.13.35913.81 d17.13
MinimumVisualStudioVersion = 10.0.40219.1
Project("{FAE04EC0-301F-11D3-BF4B-00C04F79EFBC}") = "1717. Maximum Score From Removing Substrings", "1717. Maximum Score From Removing Substrings\1717. Maximum Score From Removing Substrings.csproj", "{BB4F1C04-01A2-4C89-A266-7475B4C0136B}"
EndProject
Global
	GlobalSection(SolutionConfigurationPlatforms) = preSolution
		Debug|Any CPU = Debug|Any CPU
		Release|Any CPU = Release|Any CPU
	EndGlobalSection
	GlobalSection(ProjectConfigurationPlatforms) = postSolution
		{BB4F1C04-01A2-4C89-A266-7475B4C0136B}.Debug|Any CPU.ActiveCfg = Debug|Any CPU
		{BB4F1C04-01A2-4C89-A266-7475B4C0136B}.Debug|Any CPU.Build.0 = Debug|Any CPU
		{BB4F1C04-01A2-4C89-A266-7475B4C0136B}.Release|Any CPU.ActiveCfg = Release|Any CPU
		{BB4F1C04-01A2-4C89-A266-7475B4C0136B}.Release|Any CPU.Build.0 = Release|Any CPU
	EndGlobalSection
	GlobalSection(SolutionProperties) = preSolution
		HideSolutionNode = FALSE
	EndGlobalSection
	GlobalSection(ExtensibilityGlobals) = postSolution
		SolutionGuid = {2C54F531-E865-46AE-8F62-A931B54D1F59}
	EndGlobalSection
EndGlobal
