
Microsoft Visual Studio Solution File, Format Version 12.00
# Visual Studio Version 17
VisualStudioVersion = 17.13.35913.81 d17.13
MinimumVisualStudioVersion = 10.0.40219.1
Project("{FAE04EC0-301F-11D3-BF4B-00C04F79EFBC}") = "500. Keyboard Row", "500. Keyboard Row\500. Keyboard Row.csproj", "{14616D9F-99C6-4967-B047-26523FCAA3FE}"
EndProject
Global
	GlobalSection(SolutionConfigurationPlatforms) = preSolution
		Debug|Any CPU = Debug|Any CPU
		Release|Any CPU = Release|Any CPU
	EndGlobalSection
	GlobalSection(ProjectConfigurationPlatforms) = postSolution
		{14616D9F-99C6-4967-B047-26523FCAA3FE}.Debug|Any CPU.ActiveCfg = Debug|Any CPU
		{14616D9F-99C6-4967-B047-26523FCAA3FE}.Debug|Any CPU.Build.0 = Debug|Any CPU
		{14616D9F-99C6-4967-B047-26523FCAA3FE}.Release|Any CPU.ActiveCfg = Release|Any CPU
		{14616D9F-99C6-4967-B047-26523FCAA3FE}.Release|Any CPU.Build.0 = Release|Any CPU
	EndGlobalSection
	GlobalSection(SolutionProperties) = preSolution
		HideSolutionNode = FALSE
	EndGlobalSection
	GlobalSection(ExtensibilityGlobals) = postSolution
		SolutionGuid = {E08EA729-41DC-4EEA-84A4-B230C47B1001}
	EndGlobalSection
EndGlobal
