
Microsoft Visual Studio Solution File, Format Version 12.00
# Visual Studio Version 17
VisualStudioVersion = 17.0.31903.59
MinimumVisualStudioVersion = 10.0.40219.1
Project("{FAE04EC0-301F-11D3-BF4B-00C04F79EFBC}") = "1374. Generate a", "1374. Generate a\1374. Generate a.csproj", "{7F925AEA-130E-465B-9C48-4B605045E90F}"
EndProject
Global
	GlobalSection(SolutionConfigurationPlatforms) = preSolution
		Debug|Any CPU = Debug|Any CPU
		Release|Any CPU = Release|Any CPU
	EndGlobalSection
	GlobalSection(SolutionProperties) = preSolution
		HideSolutionNode = FALSE
	EndGlobalSection
	GlobalSection(ProjectConfigurationPlatforms) = postSolution
		{7F925AEA-130E-465B-9C48-4B605045E90F}.Debug|Any CPU.ActiveCfg = Debug|Any CPU
		{7F925AEA-130E-465B-9C48-4B605045E90F}.Debug|Any CPU.Build.0 = Debug|Any CPU
		{7F925AEA-130E-465B-9C48-4B605045E90F}.Release|Any CPU.ActiveCfg = Release|Any CPU
		{7F925AEA-130E-465B-9C48-4B605045E90F}.Release|Any CPU.Build.0 = Release|Any CPU
	EndGlobalSection
EndGlobal
