
Microsoft Visual Studio Solution File, Format Version 12.00
# Visual Studio Version 17
VisualStudioVersion = 17.13.35913.81 d17.13
MinimumVisualStudioVersion = 10.0.40219.1
Project("{FAE04EC0-301F-11D3-BF4B-00C04F79EFBC}") = "450. Delete Node in a BST", "450. Delete Node in a BST\450. Delete Node in a BST.csproj", "{8450634B-77A4-41EC-88CA-E3283D0D3514}"
EndProject
Global
	GlobalSection(SolutionConfigurationPlatforms) = preSolution
		Debug|Any CPU = Debug|Any CPU
		Release|Any CPU = Release|Any CPU
	EndGlobalSection
	GlobalSection(ProjectConfigurationPlatforms) = postSolution
		{8450634B-77A4-41EC-88CA-E3283D0D3514}.Debug|Any CPU.ActiveCfg = Debug|Any CPU
		{8450634B-77A4-41EC-88CA-E3283D0D3514}.Debug|Any CPU.Build.0 = Debug|Any CPU
		{8450634B-77A4-41EC-88CA-E3283D0D3514}.Release|Any CPU.ActiveCfg = Release|Any CPU
		{8450634B-77A4-41EC-88CA-E3283D0D3514}.Release|Any CPU.Build.0 = Release|Any CPU
	EndGlobalSection
	GlobalSection(SolutionProperties) = preSolution
		HideSolutionNode = FALSE
	EndGlobalSection
	GlobalSection(ExtensibilityGlobals) = postSolution
		SolutionGuid = {9544D8C9-E24E-492C-A4D1-C416FFA8BAA3}
	EndGlobalSection
EndGlobal
