
Microsoft Visual Studio Solution File, Format Version 12.00
# Visual Studio Version 17
VisualStudioVersion = 17.13.35913.81 d17.13
MinimumVisualStudioVersion = 10.0.40219.1
Project("{FAE04EC0-301F-11D3-BF4B-00C04F79EFBC}") = "2901. Longest Unequal Adjacent", "2901. Longest Unequal Adjacent\2901. Longest Unequal Adjacent.csproj", "{7DB147DF-BE5E-4EBC-AB23-A36916C67A69}"
EndProject
Global
	GlobalSection(SolutionConfigurationPlatforms) = preSolution
		Debug|Any CPU = Debug|Any CPU
		Release|Any CPU = Release|Any CPU
	EndGlobalSection
	GlobalSection(ProjectConfigurationPlatforms) = postSolution
		{7DB147DF-BE5E-4EBC-AB23-A36916C67A69}.Debug|Any CPU.ActiveCfg = Debug|Any CPU
		{7DB147DF-BE5E-4EBC-AB23-A36916C67A69}.Debug|Any CPU.Build.0 = Debug|Any CPU
		{7DB147DF-BE5E-4EBC-AB23-A36916C67A69}.Release|Any CPU.ActiveCfg = Release|Any CPU
		{7DB147DF-BE5E-4EBC-AB23-A36916C67A69}.Release|Any CPU.Build.0 = Release|Any CPU
	EndGlobalSection
	GlobalSection(SolutionProperties) = preSolution
		HideSolutionNode = FALSE
	EndGlobalSection
	GlobalSection(ExtensibilityGlobals) = postSolution
		SolutionGuid = {E91460DC-A1B4-41BC-B62C-73C48FF23E03}
	EndGlobalSection
EndGlobal
