
Microsoft Visual Studio Solution File, Format Version 12.00
# Visual Studio Version 17
VisualStudioVersion = 17.13.35913.81 d17.13
MinimumVisualStudioVersion = 10.0.40219.1
Project("{FAE04EC0-301F-11D3-BF4B-00C04F79EFBC}") = "2652. Sum Multiples", "2652. Sum Multiples\2652. Sum Multiples.csproj", "{C8E633BC-1194-4107-90CC-C2D135D399BC}"
EndProject
Global
	GlobalSection(SolutionConfigurationPlatforms) = preSolution
		Debug|Any CPU = Debug|Any CPU
		Release|Any CPU = Release|Any CPU
	EndGlobalSection
	GlobalSection(ProjectConfigurationPlatforms) = postSolution
		{C8E633BC-1194-4107-90CC-C2D135D399BC}.Debug|Any CPU.ActiveCfg = Debug|Any CPU
		{C8E633BC-1194-4107-90CC-C2D135D399BC}.Debug|Any CPU.Build.0 = Debug|Any CPU
		{C8E633BC-1194-4107-90CC-C2D135D399BC}.Release|Any CPU.ActiveCfg = Release|Any CPU
		{C8E633BC-1194-4107-90CC-C2D135D399BC}.Release|Any CPU.Build.0 = Release|Any CPU
	EndGlobalSection
	GlobalSection(SolutionProperties) = preSolution
		HideSolutionNode = FALSE
	EndGlobalSection
	GlobalSection(ExtensibilityGlobals) = postSolution
		SolutionGuid = {4C1BCEB8-A98F-4FA1-BE04-164681404E10}
	EndGlobalSection
EndGlobal
