
Microsoft Visual Studio Solution File, Format Version 12.00
# Visual Studio Version 17
VisualStudioVersion = 17.13.35913.81 d17.13
MinimumVisualStudioVersion = 10.0.40219.1
Project("{FAE04EC0-301F-11D3-BF4B-00C04F79EFBC}") = "1456. Maximum Number of Vowels in a Substring", "1456. Maximum Number of Vowels in a Substring\1456. Maximum Number of Vowels in a Substring.csproj", "{78089A16-2780-4E6E-B029-B62A5EF4E59C}"
EndProject
Global
	GlobalSection(SolutionConfigurationPlatforms) = preSolution
		Debug|Any CPU = Debug|Any CPU
		Release|Any CPU = Release|Any CPU
	EndGlobalSection
	GlobalSection(ProjectConfigurationPlatforms) = postSolution
		{78089A16-2780-4E6E-B029-B62A5EF4E59C}.Debug|Any CPU.ActiveCfg = Debug|Any CPU
		{78089A16-2780-4E6E-B029-B62A5EF4E59C}.Debug|Any CPU.Build.0 = Debug|Any CPU
		{78089A16-2780-4E6E-B029-B62A5EF4E59C}.Release|Any CPU.ActiveCfg = Release|Any CPU
		{78089A16-2780-4E6E-B029-B62A5EF4E59C}.Release|Any CPU.Build.0 = Release|Any CPU
	EndGlobalSection
	GlobalSection(SolutionProperties) = preSolution
		HideSolutionNode = FALSE
	EndGlobalSection
	GlobalSection(ExtensibilityGlobals) = postSolution
		SolutionGuid = {1DB1D7F5-490D-44BE-8624-CBDAB3896FA2}
	EndGlobalSection
EndGlobal
