
Microsoft Visual Studio Solution File, Format Version 12.00
# Visual Studio Version 17
VisualStudioVersion = 17.13.35913.81 d17.13
MinimumVisualStudioVersion = 10.0.40219.1
Project("{FAE04EC0-301F-11D3-BF4B-00C04F79EFBC}") = "3355. Zero Array Transformation I", "3355. Zero Array Transformation I\3355. Zero Array Transformation I.csproj", "{1E07F1F9-7309-42A7-ACFB-35D633ECB537}"
EndProject
Global
	GlobalSection(SolutionConfigurationPlatforms) = preSolution
		Debug|Any CPU = Debug|Any CPU
		Release|Any CPU = Release|Any CPU
	EndGlobalSection
	GlobalSection(ProjectConfigurationPlatforms) = postSolution
		{1E07F1F9-7309-42A7-ACFB-35D633ECB537}.Debug|Any CPU.ActiveCfg = Debug|Any CPU
		{1E07F1F9-7309-42A7-ACFB-35D633ECB537}.Debug|Any CPU.Build.0 = Debug|Any CPU
		{1E07F1F9-7309-42A7-ACFB-35D633ECB537}.Release|Any CPU.ActiveCfg = Release|Any CPU
		{1E07F1F9-7309-42A7-ACFB-35D633ECB537}.Release|Any CPU.Build.0 = Release|Any CPU
	EndGlobalSection
	GlobalSection(SolutionProperties) = preSolution
		HideSolutionNode = FALSE
	EndGlobalSection
	GlobalSection(ExtensibilityGlobals) = postSolution
		SolutionGuid = {6D6C8419-1C31-443C-BEBB-2B3D51DA9EA7}
	EndGlobalSection
EndGlobal
