
Microsoft Visual Studio Solution File, Format Version 12.00
# Visual Studio Version 17
VisualStudioVersion = 17.13.35913.81 d17.13
MinimumVisualStudioVersion = 10.0.40219.1
Project("{FAE04EC0-301F-11D3-BF4B-00C04F79EFBC}") = "1936. Add Minimum Number of Rungs", "1936. Add Minimum Number of Rungs\1936. Add Minimum Number of Rungs.csproj", "{ABB6CAC9-A355-4D1B-A776-50F02DD8FC79}"
EndProject
Global
	GlobalSection(SolutionConfigurationPlatforms) = preSolution
		Debug|Any CPU = Debug|Any CPU
		Release|Any CPU = Release|Any CPU
	EndGlobalSection
	GlobalSection(ProjectConfigurationPlatforms) = postSolution
		{ABB6CAC9-A355-4D1B-A776-50F02DD8FC79}.Debug|Any CPU.ActiveCfg = Debug|Any CPU
		{ABB6CAC9-A355-4D1B-A776-50F02DD8FC79}.Debug|Any CPU.Build.0 = Debug|Any CPU
		{ABB6CAC9-A355-4D1B-A776-50F02DD8FC79}.Release|Any CPU.ActiveCfg = Release|Any CPU
		{ABB6CAC9-A355-4D1B-A776-50F02DD8FC79}.Release|Any CPU.Build.0 = Release|Any CPU
	EndGlobalSection
	GlobalSection(SolutionProperties) = preSolution
		HideSolutionNode = FALSE
	EndGlobalSection
	GlobalSection(ExtensibilityGlobals) = postSolution
		SolutionGuid = {9E89A409-9FE5-4ECC-8DF5-82B8FAD689C0}
	EndGlobalSection
EndGlobal
