
Microsoft Visual Studio Solution File, Format Version 12.00
# Visual Studio Version 17
VisualStudioVersion = 17.13.35913.81 d17.13
MinimumVisualStudioVersion = 10.0.40219.1
Project("{FAE04EC0-301F-11D3-BF4B-00C04F79EFBC}") = "36. Valid Sudoku", "36. Valid Sudoku\36. Valid Sudoku.csproj", "{3E8C6383-5864-4751-9959-A55420CFBB21}"
EndProject
Global
	GlobalSection(SolutionConfigurationPlatforms) = preSolution
		Debug|Any CPU = Debug|Any CPU
		Release|Any CPU = Release|Any CPU
	EndGlobalSection
	GlobalSection(ProjectConfigurationPlatforms) = postSolution
		{3E8C6383-5864-4751-9959-A55420CFBB21}.Debug|Any CPU.ActiveCfg = Debug|Any CPU
		{3E8C6383-5864-4751-9959-A55420CFBB21}.Debug|Any CPU.Build.0 = Debug|Any CPU
		{3E8C6383-5864-4751-9959-A55420CFBB21}.Release|Any CPU.ActiveCfg = Release|Any CPU
		{3E8C6383-5864-4751-9959-A55420CFBB21}.Release|Any CPU.Build.0 = Release|Any CPU
	EndGlobalSection
	GlobalSection(SolutionProperties) = preSolution
		HideSolutionNode = FALSE
	EndGlobalSection
	GlobalSection(ExtensibilityGlobals) = postSolution
		SolutionGuid = {7C5943B8-DBCF-4E2C-8E1D-3723088A68B8}
	EndGlobalSection
EndGlobal
