
Microsoft Visual Studio Solution File, Format Version 12.00
# Visual Studio Version 17
VisualStudioVersion = 17.0.31903.59
MinimumVisualStudioVersion = 10.0.40219.1
Project("{FAE04EC0-301F-11D3-BF4B-00C04F79EFBC}") = "2284. Sender With Largest Word Count", "2284. Sender With Largest Word Count\2284. Sender With Largest Word Count.csproj", "{698BE7F5-AF90-4AE5-87FF-ADD9D66DEBF4}"
EndProject
Global
	GlobalSection(SolutionConfigurationPlatforms) = preSolution
		Debug|Any CPU = Debug|Any CPU
		Release|Any CPU = Release|Any CPU
	EndGlobalSection
	GlobalSection(SolutionProperties) = preSolution
		HideSolutionNode = FALSE
	EndGlobalSection
	GlobalSection(ProjectConfigurationPlatforms) = postSolution
		{698BE7F5-AF90-4AE5-87FF-ADD9D66DEBF4}.Debug|Any CPU.ActiveCfg = Debug|Any CPU
		{698BE7F5-AF90-4AE5-87FF-ADD9D66DEBF4}.Debug|Any CPU.Build.0 = Debug|Any CPU
		{698BE7F5-AF90-4AE5-87FF-ADD9D66DEBF4}.Release|Any CPU.ActiveCfg = Release|Any CPU
		{698BE7F5-AF90-4AE5-87FF-ADD9D66DEBF4}.Release|Any CPU.Build.0 = Release|Any CPU
	EndGlobalSection
EndGlobal
