
Microsoft Visual Studio Solution File, Format Version 12.00
# Visual Studio Version 17
VisualStudioVersion = 17.13.35913.81 d17.13
MinimumVisualStudioVersion = 10.0.40219.1
Project("{FAE04EC0-301F-11D3-BF4B-00C04F79EFBC}") = "735. Asteroid Collision", "735. Asteroid Collision\735. Asteroid Collision.csproj", "{2EE1C7B6-4A7A-4D79-97F1-630BDDEEE6E5}"
EndProject
Global
	GlobalSection(SolutionConfigurationPlatforms) = preSolution
		Debug|Any CPU = Debug|Any CPU
		Release|Any CPU = Release|Any CPU
	EndGlobalSection
	GlobalSection(ProjectConfigurationPlatforms) = postSolution
		{2EE1C7B6-4A7A-4D79-97F1-630BDDEEE6E5}.Debug|Any CPU.ActiveCfg = Debug|Any CPU
		{2EE1C7B6-4A7A-4D79-97F1-630BDDEEE6E5}.Debug|Any CPU.Build.0 = Debug|Any CPU
		{2EE1C7B6-4A7A-4D79-97F1-630BDDEEE6E5}.Release|Any CPU.ActiveCfg = Release|Any CPU
		{2EE1C7B6-4A7A-4D79-97F1-630BDDEEE6E5}.Release|Any CPU.Build.0 = Release|Any CPU
	EndGlobalSection
	GlobalSection(SolutionProperties) = preSolution
		HideSolutionNode = FALSE
	EndGlobalSection
	GlobalSection(ExtensibilityGlobals) = postSolution
		SolutionGuid = {7A03B6B6-D7D0-41DC-9971-2177BE41C534}
	EndGlobalSection
EndGlobal
