
Microsoft Visual Studio Solution File, Format Version 12.00
# Visual Studio Version 17
VisualStudioVersion = 17.13.35913.81 d17.13
MinimumVisualStudioVersion = 10.0.40219.1
Project("{FAE04EC0-301F-11D3-BF4B-00C04F79EFBC}") = "98. Validate Binary Search Tree", "98. Validate Binary Search Tree\98. Validate Binary Search Tree.csproj", "{A38301FC-55FF-48F2-A763-66FF3BFEE5EC}"
EndProject
Global
	GlobalSection(SolutionConfigurationPlatforms) = preSolution
		Debug|Any CPU = Debug|Any CPU
		Release|Any CPU = Release|Any CPU
	EndGlobalSection
	GlobalSection(ProjectConfigurationPlatforms) = postSolution
		{A38301FC-55FF-48F2-A763-66FF3BFEE5EC}.Debug|Any CPU.ActiveCfg = Debug|Any CPU
		{A38301FC-55FF-48F2-A763-66FF3BFEE5EC}.Debug|Any CPU.Build.0 = Debug|Any CPU
		{A38301FC-55FF-48F2-A763-66FF3BFEE5EC}.Release|Any CPU.ActiveCfg = Release|Any CPU
		{A38301FC-55FF-48F2-A763-66FF3BFEE5EC}.Release|Any CPU.Build.0 = Release|Any CPU
	EndGlobalSection
	GlobalSection(SolutionProperties) = preSolution
		HideSolutionNode = FALSE
	EndGlobalSection
	GlobalSection(ExtensibilityGlobals) = postSolution
		SolutionGuid = {15A27E46-FE12-4CB6-ADDD-8CE4FA4DE785}
	EndGlobalSection
EndGlobal
