
Microsoft Visual Studio Solution File, Format Version 12.00
# Visual Studio Version 17
VisualStudioVersion = 17.13.35913.81 d17.13
MinimumVisualStudioVersion = 10.0.40219.1
Project("{FAE04EC0-301F-11D3-BF4B-00C04F79EFBC}") = "1887. Reduction Operations to Make the Arr", "1887. Reduction Operations to Make the Arr\1887. Reduction Operations to Make the Arr.csproj", "{19007888-5C0E-4068-9DF0-E9FFD18C2AD2}"
EndProject
Global
	GlobalSection(SolutionConfigurationPlatforms) = preSolution
		Debug|Any CPU = Debug|Any CPU
		Release|Any CPU = Release|Any CPU
	EndGlobalSection
	GlobalSection(ProjectConfigurationPlatforms) = postSolution
		{19007888-5C0E-4068-9DF0-E9FFD18C2AD2}.Debug|Any CPU.ActiveCfg = Debug|Any CPU
		{19007888-5C0E-4068-9DF0-E9FFD18C2AD2}.Debug|Any CPU.Build.0 = Debug|Any CPU
		{19007888-5C0E-4068-9DF0-E9FFD18C2AD2}.Release|Any CPU.ActiveCfg = Release|Any CPU
		{19007888-5C0E-4068-9DF0-E9FFD18C2AD2}.Release|Any CPU.Build.0 = Release|Any CPU
	EndGlobalSection
	GlobalSection(SolutionProperties) = preSolution
		HideSolutionNode = FALSE
	EndGlobalSection
	GlobalSection(ExtensibilityGlobals) = postSolution
		SolutionGuid = {B8D6BFA4-3F91-49F1-9CCF-15182A36DA6E}
	EndGlobalSection
EndGlobal
