
Microsoft Visual Studio Solution File, Format Version 12.00
# Visual Studio Version 17
VisualStudioVersion = 17.13.35913.81 d17.13
MinimumVisualStudioVersion = 10.0.40219.1
Project("{FAE04EC0-301F-11D3-BF4B-00C04F79EFBC}") = "976. Largest Perimeter Triangle", "976. Largest Perimeter Triangle\976. Largest Perimeter Triangle.csproj", "{C93C4F1C-99B4-42EF-A429-3C64461CFF1D}"
EndProject
Global
	GlobalSection(SolutionConfigurationPlatforms) = preSolution
		Debug|Any CPU = Debug|Any CPU
		Release|Any CPU = Release|Any CPU
	EndGlobalSection
	GlobalSection(ProjectConfigurationPlatforms) = postSolution
		{C93C4F1C-99B4-42EF-A429-3C64461CFF1D}.Debug|Any CPU.ActiveCfg = Debug|Any CPU
		{C93C4F1C-99B4-42EF-A429-3C64461CFF1D}.Debug|Any CPU.Build.0 = Debug|Any CPU
		{C93C4F1C-99B4-42EF-A429-3C64461CFF1D}.Release|Any CPU.ActiveCfg = Release|Any CPU
		{C93C4F1C-99B4-42EF-A429-3C64461CFF1D}.Release|Any CPU.Build.0 = Release|Any CPU
	EndGlobalSection
	GlobalSection(SolutionProperties) = preSolution
		HideSolutionNode = FALSE
	EndGlobalSection
	GlobalSection(ExtensibilityGlobals) = postSolution
		SolutionGuid = {9747F73E-0BA6-4829-91D9-EE2D115EE247}
	EndGlobalSection
EndGlobal
