
Microsoft Visual Studio Solution File, Format Version 12.00
# Visual Studio Version 17
VisualStudioVersion = 17.13.35913.81 d17.13
MinimumVisualStudioVersion = 10.0.40219.1
Project("{FAE04EC0-301F-11D3-BF4B-00C04F79EFBC}") = "63. Unique Paths II", "63. Unique Paths II\63. Unique Paths II.csproj", "{19212764-D645-41D2-B2A3-A6112E9E2B8D}"
EndProject
Global
	GlobalSection(SolutionConfigurationPlatforms) = preSolution
		Debug|Any CPU = Debug|Any CPU
		Release|Any CPU = Release|Any CPU
	EndGlobalSection
	GlobalSection(ProjectConfigurationPlatforms) = postSolution
		{19212764-D645-41D2-B2A3-A6112E9E2B8D}.Debug|Any CPU.ActiveCfg = Debug|Any CPU
		{19212764-D645-41D2-B2A3-A6112E9E2B8D}.Debug|Any CPU.Build.0 = Debug|Any CPU
		{19212764-D645-41D2-B2A3-A6112E9E2B8D}.Release|Any CPU.ActiveCfg = Release|Any CPU
		{19212764-D645-41D2-B2A3-A6112E9E2B8D}.Release|Any CPU.Build.0 = Release|Any CPU
	EndGlobalSection
	GlobalSection(SolutionProperties) = preSolution
		HideSolutionNode = FALSE
	EndGlobalSection
	GlobalSection(ExtensibilityGlobals) = postSolution
		SolutionGuid = {4C6F4D54-1760-42BB-B48E-B3AD015B85C5}
	EndGlobalSection
EndGlobal
