
Microsoft Visual Studio Solution File, Format Version 12.00
# Visual Studio Version 17
VisualStudioVersion = 17.13.35913.81 d17.13
MinimumVisualStudioVersion = 10.0.40219.1
Project("{FAE04EC0-301F-11D3-BF4B-00C04F79EFBC}") = "1922. Count Good Numbers", "1922. Count Good Numbers\1922. Count Good Numbers.csproj", "{CF869ED6-BFB0-4C24-8D1F-0EC9FD6BFF03}"
EndProject
Global
	GlobalSection(SolutionConfigurationPlatforms) = preSolution
		Debug|Any CPU = Debug|Any CPU
		Release|Any CPU = Release|Any CPU
	EndGlobalSection
	GlobalSection(ProjectConfigurationPlatforms) = postSolution
		{CF869ED6-BFB0-4C24-8D1F-0EC9FD6BFF03}.Debug|Any CPU.ActiveCfg = Debug|Any CPU
		{CF869ED6-BFB0-4C24-8D1F-0EC9FD6BFF03}.Debug|Any CPU.Build.0 = Debug|Any CPU
		{CF869ED6-BFB0-4C24-8D1F-0EC9FD6BFF03}.Release|Any CPU.ActiveCfg = Release|Any CPU
		{CF869ED6-BFB0-4C24-8D1F-0EC9FD6BFF03}.Release|Any CPU.Build.0 = Release|Any CPU
	EndGlobalSection
	GlobalSection(SolutionProperties) = preSolution
		HideSolutionNode = FALSE
	EndGlobalSection
	GlobalSection(ExtensibilityGlobals) = postSolution
		SolutionGuid = {840D2F87-5190-4622-B95C-1AF911F99524}
	EndGlobalSection
EndGlobal
