
Microsoft Visual Studio Solution File, Format Version 12.00
# Visual Studio Version 17
VisualStudioVersion = 17.13.35913.81 d17.13
MinimumVisualStudioVersion = 10.0.40219.1
Project("{FAE04EC0-301F-11D3-BF4B-00C04F79EFBC}") = "826. Most Profit Assigning Work", "826. Most Profit Assigning Work\826. Most Profit Assigning Work.csproj", "{9C689763-E88A-43AA-8627-921963E5C8B1}"
EndProject
Global
	GlobalSection(SolutionConfigurationPlatforms) = preSolution
		Debug|Any CPU = Debug|Any CPU
		Release|Any CPU = Release|Any CPU
	EndGlobalSection
	GlobalSection(ProjectConfigurationPlatforms) = postSolution
		{9C689763-E88A-43AA-8627-921963E5C8B1}.Debug|Any CPU.ActiveCfg = Debug|Any CPU
		{9C689763-E88A-43AA-8627-921963E5C8B1}.Debug|Any CPU.Build.0 = Debug|Any CPU
		{9C689763-E88A-43AA-8627-921963E5C8B1}.Release|Any CPU.ActiveCfg = Release|Any CPU
		{9C689763-E88A-43AA-8627-921963E5C8B1}.Release|Any CPU.Build.0 = Release|Any CPU
	EndGlobalSection
	GlobalSection(SolutionProperties) = preSolution
		HideSolutionNode = FALSE
	EndGlobalSection
	GlobalSection(ExtensibilityGlobals) = postSolution
		SolutionGuid = {C17AA309-717C-4DA3-83FC-E4A2CCB1837C}
	EndGlobalSection
EndGlobal
