
Microsoft Visual Studio Solution File, Format Version 12.00
# Visual Studio Version 17
VisualStudioVersion = 17.0.31903.59
MinimumVisualStudioVersion = 10.0.40219.1
Project("{FAE04EC0-301F-11D3-BF4B-00C04F79EFBC}") = "1476. Subrectangle Queries", "1476. Subrectangle Queries\1476. Subrectangle Queries.csproj", "{CFFCF4AA-B32F-4102-8B6C-AAC13D8F4BDB}"
EndProject
Global
	GlobalSection(SolutionConfigurationPlatforms) = preSolution
		Debug|Any CPU = Debug|Any CPU
		Release|Any CPU = Release|Any CPU
	EndGlobalSection
	GlobalSection(SolutionProperties) = preSolution
		HideSolutionNode = FALSE
	EndGlobalSection
	GlobalSection(ProjectConfigurationPlatforms) = postSolution
		{CFFCF4AA-B32F-4102-8B6C-AAC13D8F4BDB}.Debug|Any CPU.ActiveCfg = Debug|Any CPU
		{CFFCF4AA-B32F-4102-8B6C-AAC13D8F4BDB}.Debug|Any CPU.Build.0 = Debug|Any CPU
		{CFFCF4AA-B32F-4102-8B6C-AAC13D8F4BDB}.Release|Any CPU.ActiveCfg = Release|Any CPU
		{CFFCF4AA-B32F-4102-8B6C-AAC13D8F4BDB}.Release|Any CPU.Build.0 = Release|Any CPU
	EndGlobalSection
EndGlobal
