
Microsoft Visual Studio Solution File, Format Version 12.00
# Visual Studio Version 17
VisualStudioVersion = 17.13.35913.81 d17.13
MinimumVisualStudioVersion = 10.0.40219.1
Project("{FAE04EC0-301F-11D3-BF4B-00C04F79EFBC}") = "48. Rotate Image", "48. Rotate Image\48. Rotate Image.csproj", "{7DE2D5BC-9575-420F-8669-0DEB90FDA060}"
EndProject
Global
	GlobalSection(SolutionConfigurationPlatforms) = preSolution
		Debug|Any CPU = Debug|Any CPU
		Release|Any CPU = Release|Any CPU
	EndGlobalSection
	GlobalSection(ProjectConfigurationPlatforms) = postSolution
		{7DE2D5BC-9575-420F-8669-0DEB90FDA060}.Debug|Any CPU.ActiveCfg = Debug|Any CPU
		{7DE2D5BC-9575-420F-8669-0DEB90FDA060}.Debug|Any CPU.Build.0 = Debug|Any CPU
		{7DE2D5BC-9575-420F-8669-0DEB90FDA060}.Release|Any CPU.ActiveCfg = Release|Any CPU
		{7DE2D5BC-9575-420F-8669-0DEB90FDA060}.Release|Any CPU.Build.0 = Release|Any CPU
	EndGlobalSection
	GlobalSection(SolutionProperties) = preSolution
		HideSolutionNode = FALSE
	EndGlobalSection
	GlobalSection(ExtensibilityGlobals) = postSolution
		SolutionGuid = {A7752C3F-8917-486C-987C-80CED77A0123}
	EndGlobalSection
EndGlobal
