
Microsoft Visual Studio Solution File, Format Version 12.00
# Visual Studio Version 17
VisualStudioVersion = 17.13.35913.81 d17.13
MinimumVisualStudioVersion = 10.0.40219.1
Project("{FAE04EC0-301F-11D3-BF4B-00C04F79EFBC}") = "1338. Reduce Array Size to The Half", "1338. Reduce Array Size to The Half\1338. Reduce Array Size to The Half.csproj", "{8837068B-F6C2-4E0A-9A85-90BD3A1EEE2D}"
EndProject
Global
	GlobalSection(SolutionConfigurationPlatforms) = preSolution
		Debug|Any CPU = Debug|Any CPU
		Release|Any CPU = Release|Any CPU
	EndGlobalSection
	GlobalSection(ProjectConfigurationPlatforms) = postSolution
		{8837068B-F6C2-4E0A-9A85-90BD3A1EEE2D}.Debug|Any CPU.ActiveCfg = Debug|Any CPU
		{8837068B-F6C2-4E0A-9A85-90BD3A1EEE2D}.Debug|Any CPU.Build.0 = Debug|Any CPU
		{8837068B-F6C2-4E0A-9A85-90BD3A1EEE2D}.Release|Any CPU.ActiveCfg = Release|Any CPU
		{8837068B-F6C2-4E0A-9A85-90BD3A1EEE2D}.Release|Any CPU.Build.0 = Release|Any CPU
	EndGlobalSection
	GlobalSection(SolutionProperties) = preSolution
		HideSolutionNode = FALSE
	EndGlobalSection
	GlobalSection(ExtensibilityGlobals) = postSolution
		SolutionGuid = {106708C0-DA24-46AD-A9E1-8D583C20A73C}
	EndGlobalSection
EndGlobal
