
Microsoft Visual Studio Solution File, Format Version 12.00
# Visual Studio Version 17
VisualStudioVersion = 17.13.35913.81 d17.13
MinimumVisualStudioVersion = 10.0.40219.1
Project("{FAE04EC0-301F-11D3-BF4B-00C04F79EFBC}") = "345. Reverse Vowels of a String", "345. Reverse Vowels of a String\345. Reverse Vowels of a String.csproj", "{C460F6CC-7AE4-40DA-AFDB-E0C5866C6C0C}"
EndProject
Global
	GlobalSection(SolutionConfigurationPlatforms) = preSolution
		Debug|Any CPU = Debug|Any CPU
		Release|Any CPU = Release|Any CPU
	EndGlobalSection
	GlobalSection(ProjectConfigurationPlatforms) = postSolution
		{C460F6CC-7AE4-40DA-AFDB-E0C5866C6C0C}.Debug|Any CPU.ActiveCfg = Debug|Any CPU
		{C460F6CC-7AE4-40DA-AFDB-E0C5866C6C0C}.Debug|Any CPU.Build.0 = Debug|Any CPU
		{C460F6CC-7AE4-40DA-AFDB-E0C5866C6C0C}.Release|Any CPU.ActiveCfg = Release|Any CPU
		{C460F6CC-7AE4-40DA-AFDB-E0C5866C6C0C}.Release|Any CPU.Build.0 = Release|Any CPU
	EndGlobalSection
	GlobalSection(SolutionProperties) = preSolution
		HideSolutionNode = FALSE
	EndGlobalSection
	GlobalSection(ExtensibilityGlobals) = postSolution
		SolutionGuid = {5D4F288E-7554-4E46-8023-6C98AF632E56}
	EndGlobalSection
EndGlobal
