
Microsoft Visual Studio Solution File, Format Version 12.00
# Visual Studio Version 17
VisualStudioVersion = 17.13.35913.81 d17.13
MinimumVisualStudioVersion = 10.0.40219.1
Project("{FAE04EC0-301F-11D3-BF4B-00C04F79EFBC}") = "2012. Sum of Beauty in the Array", "2012. Sum of Beauty in the Array\2012. Sum of Beauty in the Array.csproj", "{6A6A17DC-2A2F-45E9-AF71-625282D0585B}"
EndProject
Global
	GlobalSection(SolutionConfigurationPlatforms) = preSolution
		Debug|Any CPU = Debug|Any CPU
		Release|Any CPU = Release|Any CPU
	EndGlobalSection
	GlobalSection(ProjectConfigurationPlatforms) = postSolution
		{6A6A17DC-2A2F-45E9-AF71-625282D0585B}.Debug|Any CPU.ActiveCfg = Debug|Any CPU
		{6A6A17DC-2A2F-45E9-AF71-625282D0585B}.Debug|Any CPU.Build.0 = Debug|Any CPU
		{6A6A17DC-2A2F-45E9-AF71-625282D0585B}.Release|Any CPU.ActiveCfg = Release|Any CPU
		{6A6A17DC-2A2F-45E9-AF71-625282D0585B}.Release|Any CPU.Build.0 = Release|Any CPU
	EndGlobalSection
	GlobalSection(SolutionProperties) = preSolution
		HideSolutionNode = FALSE
	EndGlobalSection
	GlobalSection(ExtensibilityGlobals) = postSolution
		SolutionGuid = {DB7300BE-319E-43CC-A3C3-70699B6A8719}
	EndGlobalSection
EndGlobal
