
Microsoft Visual Studio Solution File, Format Version 12.00
# Visual Studio Version 17
VisualStudioVersion = 17.13.35913.81 d17.13
MinimumVisualStudioVersion = 10.0.40219.1
Project("{FAE04EC0-301F-11D3-BF4B-00C04F79EFBC}") = "973. K Closest Points to Origin", "973. K Closest Points to Origin\973. K Closest Points to Origin.csproj", "{0BB7EC62-713E-4119-B8CD-783FFF488364}"
EndProject
Global
	GlobalSection(SolutionConfigurationPlatforms) = preSolution
		Debug|Any CPU = Debug|Any CPU
		Release|Any CPU = Release|Any CPU
	EndGlobalSection
	GlobalSection(ProjectConfigurationPlatforms) = postSolution
		{0BB7EC62-713E-4119-B8CD-783FFF488364}.Debug|Any CPU.ActiveCfg = Debug|Any CPU
		{0BB7EC62-713E-4119-B8CD-783FFF488364}.Debug|Any CPU.Build.0 = Debug|Any CPU
		{0BB7EC62-713E-4119-B8CD-783FFF488364}.Release|Any CPU.ActiveCfg = Release|Any CPU
		{0BB7EC62-713E-4119-B8CD-783FFF488364}.Release|Any CPU.Build.0 = Release|Any CPU
	EndGlobalSection
	GlobalSection(SolutionProperties) = preSolution
		HideSolutionNode = FALSE
	EndGlobalSection
	GlobalSection(ExtensibilityGlobals) = postSolution
		SolutionGuid = {4E8130E5-301A-468B-AB8B-1873693AE691}
	EndGlobalSection
EndGlobal
