
Microsoft Visual Studio Solution File, Format Version 12.00
# Visual Studio Version 17
VisualStudioVersion = 17.13.35913.81 d17.13
MinimumVisualStudioVersion = 10.0.40219.1
Project("{FAE04EC0-301F-11D3-BF4B-00C04F79EFBC}") = "344. Reverse String", "344. Reverse String\344. Reverse String.csproj", "{FBF38451-45B7-408C-9335-7C4F1C6FA9D4}"
EndProject
Global
	GlobalSection(SolutionConfigurationPlatforms) = preSolution
		Debug|Any CPU = Debug|Any CPU
		Release|Any CPU = Release|Any CPU
	EndGlobalSection
	GlobalSection(ProjectConfigurationPlatforms) = postSolution
		{FBF38451-45B7-408C-9335-7C4F1C6FA9D4}.Debug|Any CPU.ActiveCfg = Debug|Any CPU
		{FBF38451-45B7-408C-9335-7C4F1C6FA9D4}.Debug|Any CPU.Build.0 = Debug|Any CPU
		{FBF38451-45B7-408C-9335-7C4F1C6FA9D4}.Release|Any CPU.ActiveCfg = Release|Any CPU
		{FBF38451-45B7-408C-9335-7C4F1C6FA9D4}.Release|Any CPU.Build.0 = Release|Any CPU
	EndGlobalSection
	GlobalSection(SolutionProperties) = preSolution
		HideSolutionNode = FALSE
	EndGlobalSection
	GlobalSection(ExtensibilityGlobals) = postSolution
		SolutionGuid = {4A9041C0-D205-42BD-BBB1-E313C7EAB89A}
	EndGlobalSection
EndGlobal
