
Microsoft Visual Studio Solution File, Format Version 12.00
# Visual Studio Version 17
VisualStudioVersion = 17.13.35913.81 d17.13
MinimumVisualStudioVersion = 10.0.40219.1
Project("{FAE04EC0-301F-11D3-BF4B-00C04F79EFBC}") = "3461. Check If Digits Are Equal in String After", "3461. Check If Digits Are Equal in String After\3461. Check If Digits Are Equal in String After.csproj", "{A37BBB68-E5C5-4B21-95CA-E477584CA8EA}"
EndProject
Global
	GlobalSection(SolutionConfigurationPlatforms) = preSolution
		Debug|Any CPU = Debug|Any CPU
		Release|Any CPU = Release|Any CPU
	EndGlobalSection
	GlobalSection(ProjectConfigurationPlatforms) = postSolution
		{A37BBB68-E5C5-4B21-95CA-E477584CA8EA}.Debug|Any CPU.ActiveCfg = Debug|Any CPU
		{A37BBB68-E5C5-4B21-95CA-E477584CA8EA}.Debug|Any CPU.Build.0 = Debug|Any CPU
		{A37BBB68-E5C5-4B21-95CA-E477584CA8EA}.Release|Any CPU.ActiveCfg = Release|Any CPU
		{A37BBB68-E5C5-4B21-95CA-E477584CA8EA}.Release|Any CPU.Build.0 = Release|Any CPU
	EndGlobalSection
	GlobalSection(SolutionProperties) = preSolution
		HideSolutionNode = FALSE
	EndGlobalSection
	GlobalSection(ExtensibilityGlobals) = postSolution
		SolutionGuid = {2FA1AB52-87B4-4AA0-B56D-54EEE782849A}
	EndGlobalSection
EndGlobal
