
Microsoft Visual Studio Solution File, Format Version 12.00
# Visual Studio Version 17
VisualStudioVersion = 17.13.35913.81 d17.13
MinimumVisualStudioVersion = 10.0.40219.1
Project("{FAE04EC0-301F-11D3-BF4B-00C04F79EFBC}") = "3394. Check if Grid can be Cut into Sections", "3394. Check if Grid can be Cut into Sections\3394. Check if Grid can be Cut into Sections.csproj", "{90B1ED51-DA00-4210-A5CB-448770F296DB}"
EndProject
Global
	GlobalSection(SolutionConfigurationPlatforms) = preSolution
		Debug|Any CPU = Debug|Any CPU
		Release|Any CPU = Release|Any CPU
	EndGlobalSection
	GlobalSection(ProjectConfigurationPlatforms) = postSolution
		{90B1ED51-DA00-4210-A5CB-448770F296DB}.Debug|Any CPU.ActiveCfg = Debug|Any CPU
		{90B1ED51-DA00-4210-A5CB-448770F296DB}.Debug|Any CPU.Build.0 = Debug|Any CPU
		{90B1ED51-DA00-4210-A5CB-448770F296DB}.Release|Any CPU.ActiveCfg = Release|Any CPU
		{90B1ED51-DA00-4210-A5CB-448770F296DB}.Release|Any CPU.Build.0 = Release|Any CPU
	EndGlobalSection
	GlobalSection(SolutionProperties) = preSolution
		HideSolutionNode = FALSE
	EndGlobalSection
	GlobalSection(ExtensibilityGlobals) = postSolution
		SolutionGuid = {4FE1818F-3BA5-4A15-A157-8A86162E8568}
	EndGlobalSection
EndGlobal
