
Microsoft Visual Studio Solution File, Format Version 12.00
# Visual Studio Version 17
VisualStudioVersion = 17.13.35913.81 d17.13
MinimumVisualStudioVersion = 10.0.40219.1
Project("{FAE04EC0-301F-11D3-BF4B-00C04F79EFBC}") = "2150. Find All Lonely Number", "2150. Find All Lonely Number\2150. Find All Lonely Number.csproj", "{2EF149CF-7B97-4EA2-BF7F-63C54492DE79}"
EndProject
Global
	GlobalSection(SolutionConfigurationPlatforms) = preSolution
		Debug|Any CPU = Debug|Any CPU
		Release|Any CPU = Release|Any CPU
	EndGlobalSection
	GlobalSection(ProjectConfigurationPlatforms) = postSolution
		{2EF149CF-7B97-4EA2-BF7F-63C54492DE79}.Debug|Any CPU.ActiveCfg = Debug|Any CPU
		{2EF149CF-7B97-4EA2-BF7F-63C54492DE79}.Debug|Any CPU.Build.0 = Debug|Any CPU
		{2EF149CF-7B97-4EA2-BF7F-63C54492DE79}.Release|Any CPU.ActiveCfg = Release|Any CPU
		{2EF149CF-7B97-4EA2-BF7F-63C54492DE79}.Release|Any CPU.Build.0 = Release|Any CPU
	EndGlobalSection
	GlobalSection(SolutionProperties) = preSolution
		HideSolutionNode = FALSE
	EndGlobalSection
	GlobalSection(ExtensibilityGlobals) = postSolution
		SolutionGuid = {A1E87CA4-06ED-41F6-98F9-02193C8930E1}
	EndGlobalSection
EndGlobal
