
Microsoft Visual Studio Solution File, Format Version 12.00
# Visual Studio Version 17
VisualStudioVersion = 17.13.35913.81 d17.13
MinimumVisualStudioVersion = 10.0.40219.1
Project("{FAE04EC0-301F-11D3-BF4B-00C04F79EFBC}") = "912. Sort an Array", "912. Sort an Array\912. Sort an Array.csproj", "{69BBA5C2-CEC7-4BED-B793-9AF399BFA8C0}"
EndProject
Global
	GlobalSection(SolutionConfigurationPlatforms) = preSolution
		Debug|Any CPU = Debug|Any CPU
		Release|Any CPU = Release|Any CPU
	EndGlobalSection
	GlobalSection(ProjectConfigurationPlatforms) = postSolution
		{69BBA5C2-CEC7-4BED-B793-9AF399BFA8C0}.Debug|Any CPU.ActiveCfg = Debug|Any CPU
		{69BBA5C2-CEC7-4BED-B793-9AF399BFA8C0}.Debug|Any CPU.Build.0 = Debug|Any CPU
		{69BBA5C2-CEC7-4BED-B793-9AF399BFA8C0}.Release|Any CPU.ActiveCfg = Release|Any CPU
		{69BBA5C2-CEC7-4BED-B793-9AF399BFA8C0}.Release|Any CPU.Build.0 = Release|Any CPU
	EndGlobalSection
	GlobalSection(SolutionProperties) = preSolution
		HideSolutionNode = FALSE
	EndGlobalSection
	GlobalSection(ExtensibilityGlobals) = postSolution
		SolutionGuid = {76A39CB8-9516-4FDD-A101-B31E72709D8F}
	EndGlobalSection
EndGlobal
