
Microsoft Visual Studio Solution File, Format Version 12.00
# Visual Studio Version 17
VisualStudioVersion = 17.13.35913.81 d17.13
MinimumVisualStudioVersion = 10.0.40219.1
Project("{FAE04EC0-301F-11D3-BF4B-00C04F79EFBC}") = "1679. Max Number of K-Sum Pairs", "1679. Max Number of K-Sum Pairs\1679. Max Number of K-Sum Pairs.csproj", "{B009889B-15D3-4F8A-A89C-101D181C2D6A}"
EndProject
Global
	GlobalSection(SolutionConfigurationPlatforms) = preSolution
		Debug|Any CPU = Debug|Any CPU
		Release|Any CPU = Release|Any CPU
	EndGlobalSection
	GlobalSection(ProjectConfigurationPlatforms) = postSolution
		{B009889B-15D3-4F8A-A89C-101D181C2D6A}.Debug|Any CPU.ActiveCfg = Debug|Any CPU
		{B009889B-15D3-4F8A-A89C-101D181C2D6A}.Debug|Any CPU.Build.0 = Debug|Any CPU
		{B009889B-15D3-4F8A-A89C-101D181C2D6A}.Release|Any CPU.ActiveCfg = Release|Any CPU
		{B009889B-15D3-4F8A-A89C-101D181C2D6A}.Release|Any CPU.Build.0 = Release|Any CPU
	EndGlobalSection
	GlobalSection(SolutionProperties) = preSolution
		HideSolutionNode = FALSE
	EndGlobalSection
	GlobalSection(ExtensibilityGlobals) = postSolution
		SolutionGuid = {7DC4D679-E8ED-4306-BEFE-07E8F9535BCA}
	EndGlobalSection
EndGlobal
