
Microsoft Visual Studio Solution File, Format Version 12.00
# Visual Studio Version 17
VisualStudioVersion = 17.13.35913.81 d17.13
MinimumVisualStudioVersion = 10.0.40219.1
Project("{FAE04EC0-301F-11D3-BF4B-00C04F79EFBC}") = "1315. Sum of Nodes with Even-Valued Grandparent", "1315. Sum of Nodes with Even-Valued Grandparent\1315. Sum of Nodes with Even-Valued Grandparent.csproj", "{D7D0743A-B03E-49D2-84D4-A80F43CCED85}"
EndProject
Global
	GlobalSection(SolutionConfigurationPlatforms) = preSolution
		Debug|Any CPU = Debug|Any CPU
		Release|Any CPU = Release|Any CPU
	EndGlobalSection
	GlobalSection(ProjectConfigurationPlatforms) = postSolution
		{D7D0743A-B03E-49D2-84D4-A80F43CCED85}.Debug|Any CPU.ActiveCfg = Debug|Any CPU
		{D7D0743A-B03E-49D2-84D4-A80F43CCED85}.Debug|Any CPU.Build.0 = Debug|Any CPU
		{D7D0743A-B03E-49D2-84D4-A80F43CCED85}.Release|Any CPU.ActiveCfg = Release|Any CPU
		{D7D0743A-B03E-49D2-84D4-A80F43CCED85}.Release|Any CPU.Build.0 = Release|Any CPU
	EndGlobalSection
	GlobalSection(SolutionProperties) = preSolution
		HideSolutionNode = FALSE
	EndGlobalSection
	GlobalSection(ExtensibilityGlobals) = postSolution
		SolutionGuid = {88E3E0DB-33CC-45C9-BD79-FB6353A0E306}
	EndGlobalSection
EndGlobal
