
Microsoft Visual Studio Solution File, Format Version 12.00
# Visual Studio Version 17
VisualStudioVersion = 17.13.35913.81 d17.13
MinimumVisualStudioVersion = 10.0.40219.1
Project("{FAE04EC0-301F-11D3-BF4B-00C04F79EFBC}") = "1493. Longest Subarray of 1's After Deleting One Element", "1493. Longest Subarray of 1's After Deleting One Element\1493. Longest Subarray of 1's After Deleting One Element.csproj", "{2BCA1128-3BCF-4898-8D5B-8460EA222778}"
EndProject
Global
	GlobalSection(SolutionConfigurationPlatforms) = preSolution
		Debug|Any CPU = Debug|Any CPU
		Release|Any CPU = Release|Any CPU
	EndGlobalSection
	GlobalSection(ProjectConfigurationPlatforms) = postSolution
		{2BCA1128-3BCF-4898-8D5B-8460EA222778}.Debug|Any CPU.ActiveCfg = Debug|Any CPU
		{2BCA1128-3BCF-4898-8D5B-8460EA222778}.Debug|Any CPU.Build.0 = Debug|Any CPU
		{2BCA1128-3BCF-4898-8D5B-8460EA222778}.Release|Any CPU.ActiveCfg = Release|Any CPU
		{2BCA1128-3BCF-4898-8D5B-8460EA222778}.Release|Any CPU.Build.0 = Release|Any CPU
	EndGlobalSection
	GlobalSection(SolutionProperties) = preSolution
		HideSolutionNode = FALSE
	EndGlobalSection
	GlobalSection(ExtensibilityGlobals) = postSolution
		SolutionGuid = {1C37BEDB-8A28-4353-A82C-92DEC8D490FC}
	EndGlobalSection
EndGlobal
