
Microsoft Visual Studio Solution File, Format Version 12.00
# Visual Studio Version 17
VisualStudioVersion = 17.13.35913.81 d17.13
MinimumVisualStudioVersion = 10.0.40219.1
Project("{FAE04EC0-301F-11D3-BF4B-00C04F79EFBC}") = "347. Top K Frequent Elements", "347. Top K Frequent Elements\347. Top K Frequent Elements.csproj", "{DE606195-C76D-41A2-92EF-2ED651823B47}"
EndProject
Global
	GlobalSection(SolutionConfigurationPlatforms) = preSolution
		Debug|Any CPU = Debug|Any CPU
		Release|Any CPU = Release|Any CPU
	EndGlobalSection
	GlobalSection(ProjectConfigurationPlatforms) = postSolution
		{DE606195-C76D-41A2-92EF-2ED651823B47}.Debug|Any CPU.ActiveCfg = Debug|Any CPU
		{DE606195-C76D-41A2-92EF-2ED651823B47}.Debug|Any CPU.Build.0 = Debug|Any CPU
		{DE606195-C76D-41A2-92EF-2ED651823B47}.Release|Any CPU.ActiveCfg = Release|Any CPU
		{DE606195-C76D-41A2-92EF-2ED651823B47}.Release|Any CPU.Build.0 = Release|Any CPU
	EndGlobalSection
	GlobalSection(SolutionProperties) = preSolution
		HideSolutionNode = FALSE
	EndGlobalSection
	GlobalSection(ExtensibilityGlobals) = postSolution
		SolutionGuid = {D99F7AD8-A7DA-4890-A211-28A18A0E5676}
	EndGlobalSection
EndGlobal
