
Microsoft Visual Studio Solution File, Format Version 12.00
# Visual Studio Version 17
VisualStudioVersion = 17.13.35913.81 d17.13
MinimumVisualStudioVersion = 10.0.40219.1
Project("{FAE04EC0-301F-11D3-BF4B-00C04F79EFBC}") = "2807. Insert Greatest Common Divisors", "2807. Insert Greatest Common Divisors\2807. Insert Greatest Common Divisors.csproj", "{DD6F855A-6FBD-4EDF-A2EC-08757760DCBF}"
EndProject
Global
	GlobalSection(SolutionConfigurationPlatforms) = preSolution
		Debug|Any CPU = Debug|Any CPU
		Release|Any CPU = Release|Any CPU
	EndGlobalSection
	GlobalSection(ProjectConfigurationPlatforms) = postSolution
		{DD6F855A-6FBD-4EDF-A2EC-08757760DCBF}.Debug|Any CPU.ActiveCfg = Debug|Any CPU
		{DD6F855A-6FBD-4EDF-A2EC-08757760DCBF}.Debug|Any CPU.Build.0 = Debug|Any CPU
		{DD6F855A-6FBD-4EDF-A2EC-08757760DCBF}.Release|Any CPU.ActiveCfg = Release|Any CPU
		{DD6F855A-6FBD-4EDF-A2EC-08757760DCBF}.Release|Any CPU.Build.0 = Release|Any CPU
	EndGlobalSection
	GlobalSection(SolutionProperties) = preSolution
		HideSolutionNode = FALSE
	EndGlobalSection
	GlobalSection(ExtensibilityGlobals) = postSolution
		SolutionGuid = {B924CC88-5672-4697-AC21-13E888FC0D02}
	EndGlobalSection
EndGlobal
