
Microsoft Visual Studio Solution File, Format Version 12.00
# Visual Studio Version 17
VisualStudioVersion = 17.13.35913.81 d17.13
MinimumVisualStudioVersion = 10.0.40219.1
Project("{FAE04EC0-301F-11D3-BF4B-00C04F79EFBC}") = "1207. Unique Number of Occurrences", "1207. Unique Number of Occurrences\1207. Unique Number of Occurrences.csproj", "{BE72C70F-880A-4439-8C60-F66B63914621}"
EndProject
Global
	GlobalSection(SolutionConfigurationPlatforms) = preSolution
		Debug|Any CPU = Debug|Any CPU
		Release|Any CPU = Release|Any CPU
	EndGlobalSection
	GlobalSection(ProjectConfigurationPlatforms) = postSolution
		{BE72C70F-880A-4439-8C60-F66B63914621}.Debug|Any CPU.ActiveCfg = Debug|Any CPU
		{BE72C70F-880A-4439-8C60-F66B63914621}.Debug|Any CPU.Build.0 = Debug|Any CPU
		{BE72C70F-880A-4439-8C60-F66B63914621}.Release|Any CPU.ActiveCfg = Release|Any CPU
		{BE72C70F-880A-4439-8C60-F66B63914621}.Release|Any CPU.Build.0 = Release|Any CPU
	EndGlobalSection
	GlobalSection(SolutionProperties) = preSolution
		HideSolutionNode = FALSE
	EndGlobalSection
	GlobalSection(ExtensibilityGlobals) = postSolution
		SolutionGuid = {CD34AC4B-C70A-4BE0-956C-3D4F2436F5C5}
	EndGlobalSection
EndGlobal
