
Microsoft Visual Studio Solution File, Format Version 12.00
# Visual Studio Version 17
VisualStudioVersion = 17.13.35913.81 d17.13
MinimumVisualStudioVersion = 10.0.40219.1
Project("{FAE04EC0-301F-11D3-BF4B-00C04F79EFBC}") = "14. Longest Common Prefix", "14. Longest Common Prefix\14. Longest Common Prefix.csproj", "{305FAE37-A87F-4D32-8917-306D0A09F65A}"
EndProject
Global
	GlobalSection(SolutionConfigurationPlatforms) = preSolution
		Debug|Any CPU = Debug|Any CPU
		Release|Any CPU = Release|Any CPU
	EndGlobalSection
	GlobalSection(ProjectConfigurationPlatforms) = postSolution
		{305FAE37-A87F-4D32-8917-306D0A09F65A}.Debug|Any CPU.ActiveCfg = Debug|Any CPU
		{305FAE37-A87F-4D32-8917-306D0A09F65A}.Debug|Any CPU.Build.0 = Debug|Any CPU
		{305FAE37-A87F-4D32-8917-306D0A09F65A}.Release|Any CPU.ActiveCfg = Release|Any CPU
		{305FAE37-A87F-4D32-8917-306D0A09F65A}.Release|Any CPU.Build.0 = Release|Any CPU
	EndGlobalSection
	GlobalSection(SolutionProperties) = preSolution
		HideSolutionNode = FALSE
	EndGlobalSection
	GlobalSection(ExtensibilityGlobals) = postSolution
		SolutionGuid = {375A69C0-C199-4D38-B252-A96289E5807C}
	EndGlobalSection
EndGlobal
