
Microsoft Visual Studio Solution File, Format Version 12.00
# Visual Studio Version 17
VisualStudioVersion = 17.13.35913.81 d17.13
MinimumVisualStudioVersion = 10.0.40219.1
Project("{FAE04EC0-301F-11D3-BF4B-00C04F79EFBC}") = "342. Power of Four", "342. Power of Four\342. Power of Four.csproj", "{3739838D-3388-407B-A866-FF8A2A3D66D3}"
EndProject
Global
	GlobalSection(SolutionConfigurationPlatforms) = preSolution
		Debug|Any CPU = Debug|Any CPU
		Release|Any CPU = Release|Any CPU
	EndGlobalSection
	GlobalSection(ProjectConfigurationPlatforms) = postSolution
		{3739838D-3388-407B-A866-FF8A2A3D66D3}.Debug|Any CPU.ActiveCfg = Debug|Any CPU
		{3739838D-3388-407B-A866-FF8A2A3D66D3}.Debug|Any CPU.Build.0 = Debug|Any CPU
		{3739838D-3388-407B-A866-FF8A2A3D66D3}.Release|Any CPU.ActiveCfg = Release|Any CPU
		{3739838D-3388-407B-A866-FF8A2A3D66D3}.Release|Any CPU.Build.0 = Release|Any CPU
	EndGlobalSection
	GlobalSection(SolutionProperties) = preSolution
		HideSolutionNode = FALSE
	EndGlobalSection
	GlobalSection(ExtensibilityGlobals) = postSolution
		SolutionGuid = {928CCE31-AD22-45B8-B0BF-81400E121C7D}
	EndGlobalSection
EndGlobal
