
Microsoft Visual Studio Solution File, Format Version 12.00
# Visual Studio Version 17
VisualStudioVersion = 17.13.35913.81 d17.13
MinimumVisualStudioVersion = 10.0.40219.1
Project("{FAE04EC0-301F-11D3-BF4B-00C04F79EFBC}") = "2007. Find Original Array From", "2007. Find Original Array From\2007. Find Original Array From.csproj", "{D0C4035D-9D85-4E73-8D8D-0DB0C28C8CC0}"
EndProject
Global
	GlobalSection(SolutionConfigurationPlatforms) = preSolution
		Debug|Any CPU = Debug|Any CPU
		Release|Any CPU = Release|Any CPU
	EndGlobalSection
	GlobalSection(ProjectConfigurationPlatforms) = postSolution
		{D0C4035D-9D85-4E73-8D8D-0DB0C28C8CC0}.Debug|Any CPU.ActiveCfg = Debug|Any CPU
		{D0C4035D-9D85-4E73-8D8D-0DB0C28C8CC0}.Debug|Any CPU.Build.0 = Debug|Any CPU
		{D0C4035D-9D85-4E73-8D8D-0DB0C28C8CC0}.Release|Any CPU.ActiveCfg = Release|Any CPU
		{D0C4035D-9D85-4E73-8D8D-0DB0C28C8CC0}.Release|Any CPU.Build.0 = Release|Any CPU
	EndGlobalSection
	GlobalSection(SolutionProperties) = preSolution
		HideSolutionNode = FALSE
	EndGlobalSection
	GlobalSection(ExtensibilityGlobals) = postSolution
		SolutionGuid = {3202281E-C7DA-4791-AA43-01387ACD0E2F}
	EndGlobalSection
EndGlobal
