
Microsoft Visual Studio Solution File, Format Version 12.00
# Visual Studio Version 17
VisualStudioVersion = 17.13.35913.81 d17.13
MinimumVisualStudioVersion = 10.0.40219.1
Project("{FAE04EC0-301F-11D3-BF4B-00C04F79EFBC}") = "2044. Count Number of Maximum Bitwise-OR Subsets", "2044. Count Number of Maximum Bitwise-OR Subsets\2044. Count Number of Maximum Bitwise-OR Subsets.csproj", "{0F21A518-A41D-4294-AC05-B3334804198D}"
EndProject
Global
	GlobalSection(SolutionConfigurationPlatforms) = preSolution
		Debug|Any CPU = Debug|Any CPU
		Release|Any CPU = Release|Any CPU
	EndGlobalSection
	GlobalSection(ProjectConfigurationPlatforms) = postSolution
		{0F21A518-A41D-4294-AC05-B3334804198D}.Debug|Any CPU.ActiveCfg = Debug|Any CPU
		{0F21A518-A41D-4294-AC05-B3334804198D}.Debug|Any CPU.Build.0 = Debug|Any CPU
		{0F21A518-A41D-4294-AC05-B3334804198D}.Release|Any CPU.ActiveCfg = Release|Any CPU
		{0F21A518-A41D-4294-AC05-B3334804198D}.Release|Any CPU.Build.0 = Release|Any CPU
	EndGlobalSection
	GlobalSection(SolutionProperties) = preSolution
		HideSolutionNode = FALSE
	EndGlobalSection
	GlobalSection(ExtensibilityGlobals) = postSolution
		SolutionGuid = {0DE17266-7188-40DC-A4C1-EF786C747AB5}
	EndGlobalSection
EndGlobal
