
Microsoft Visual Studio Solution File, Format Version 12.00
# Visual Studio Version 17
VisualStudioVersion = 17.13.35913.81 d17.13
MinimumVisualStudioVersion = 10.0.40219.1
Project("{FAE04EC0-301F-11D3-BF4B-00C04F79EFBC}") = "88. Merge Sorted Array", "88. Merge Sorted Array\88. Merge Sorted Array.csproj", "{7B251C5F-1510-445E-97B4-A0BBBFE30324}"
EndProject
Global
	GlobalSection(SolutionConfigurationPlatforms) = preSolution
		Debug|Any CPU = Debug|Any CPU
		Release|Any CPU = Release|Any CPU
	EndGlobalSection
	GlobalSection(ProjectConfigurationPlatforms) = postSolution
		{7B251C5F-1510-445E-97B4-A0BBBFE30324}.Debug|Any CPU.ActiveCfg = Debug|Any CPU
		{7B251C5F-1510-445E-97B4-A0BBBFE30324}.Debug|Any CPU.Build.0 = Debug|Any CPU
		{7B251C5F-1510-445E-97B4-A0BBBFE30324}.Release|Any CPU.ActiveCfg = Release|Any CPU
		{7B251C5F-1510-445E-97B4-A0BBBFE30324}.Release|Any CPU.Build.0 = Release|Any CPU
	EndGlobalSection
	GlobalSection(SolutionProperties) = preSolution
		HideSolutionNode = FALSE
	EndGlobalSection
	GlobalSection(ExtensibilityGlobals) = postSolution
		SolutionGuid = {397112AE-5803-449B-A37A-1CA01CB88E13}
	EndGlobalSection
EndGlobal
