
Microsoft Visual Studio Solution File, Format Version 12.00
# Visual Studio Version 17
VisualStudioVersion = 17.13.35913.81 d17.13
MinimumVisualStudioVersion = 10.0.40219.1
Project("{FAE04EC0-301F-11D3-BF4B-00C04F79EFBC}") = "7. Reverse Integer", "7. Reverse Integer\7. Reverse Integer.csproj", "{BF633539-27EB-4DF5-9DD3-92D1367CA233}"
EndProject
Global
	GlobalSection(SolutionConfigurationPlatforms) = preSolution
		Debug|Any CPU = Debug|Any CPU
		Release|Any CPU = Release|Any CPU
	EndGlobalSection
	GlobalSection(ProjectConfigurationPlatforms) = postSolution
		{BF633539-27EB-4DF5-9DD3-92D1367CA233}.Debug|Any CPU.ActiveCfg = Debug|Any CPU
		{BF633539-27EB-4DF5-9DD3-92D1367CA233}.Debug|Any CPU.Build.0 = Debug|Any CPU
		{BF633539-27EB-4DF5-9DD3-92D1367CA233}.Release|Any CPU.ActiveCfg = Release|Any CPU
		{BF633539-27EB-4DF5-9DD3-92D1367CA233}.Release|Any CPU.Build.0 = Release|Any CPU
	EndGlobalSection
	GlobalSection(SolutionProperties) = preSolution
		HideSolutionNode = FALSE
	EndGlobalSection
	GlobalSection(ExtensibilityGlobals) = postSolution
		SolutionGuid = {EA6ABF60-C835-4ABC-ACDE-DFFC3055DA2B}
	EndGlobalSection
EndGlobal
