
Microsoft Visual Studio Solution File, Format Version 12.00
# Visual Studio Version 17
VisualStudioVersion = 17.13.35913.81 d17.13
MinimumVisualStudioVersion = 10.0.40219.1
Project("{FAE04EC0-301F-11D3-BF4B-00C04F79EFBC}") = "561. Array Partition", "561. Array Partition\561. Array Partition.csproj", "{02504C2D-A47F-43F6-AD97-68CD2E13183D}"
EndProject
Global
	GlobalSection(SolutionConfigurationPlatforms) = preSolution
		Debug|Any CPU = Debug|Any CPU
		Release|Any CPU = Release|Any CPU
	EndGlobalSection
	GlobalSection(ProjectConfigurationPlatforms) = postSolution
		{02504C2D-A47F-43F6-AD97-68CD2E13183D}.Debug|Any CPU.ActiveCfg = Debug|Any CPU
		{02504C2D-A47F-43F6-AD97-68CD2E13183D}.Debug|Any CPU.Build.0 = Debug|Any CPU
		{02504C2D-A47F-43F6-AD97-68CD2E13183D}.Release|Any CPU.ActiveCfg = Release|Any CPU
		{02504C2D-A47F-43F6-AD97-68CD2E13183D}.Release|Any CPU.Build.0 = Release|Any CPU
	EndGlobalSection
	GlobalSection(SolutionProperties) = preSolution
		HideSolutionNode = FALSE
	EndGlobalSection
	GlobalSection(ExtensibilityGlobals) = postSolution
		SolutionGuid = {8524CFD3-A034-4BE1-BE0D-A9DCF8C48A52}
	EndGlobalSection
EndGlobal
