
Microsoft Visual Studio Solution File, Format Version 12.00
# Visual Studio Version 17
VisualStudioVersion = 17.13.35913.81 d17.13
MinimumVisualStudioVersion = 10.0.40219.1
Project("{FAE04EC0-301F-11D3-BF4B-00C04F79EFBC}") = "2520. Count the Digits That Divide a Number", "2520. Count the Digits That Divide a Number\2520. Count the Digits That Divide a Number.csproj", "{CCE29007-EB56-423B-821F-C944BDF190BF}"
EndProject
Global
	GlobalSection(SolutionConfigurationPlatforms) = preSolution
		Debug|Any CPU = Debug|Any CPU
		Release|Any CPU = Release|Any CPU
	EndGlobalSection
	GlobalSection(ProjectConfigurationPlatforms) = postSolution
		{CCE29007-EB56-423B-821F-C944BDF190BF}.Debug|Any CPU.ActiveCfg = Debug|Any CPU
		{CCE29007-EB56-423B-821F-C944BDF190BF}.Debug|Any CPU.Build.0 = Debug|Any CPU
		{CCE29007-EB56-423B-821F-C944BDF190BF}.Release|Any CPU.ActiveCfg = Release|Any CPU
		{CCE29007-EB56-423B-821F-C944BDF190BF}.Release|Any CPU.Build.0 = Release|Any CPU
	EndGlobalSection
	GlobalSection(SolutionProperties) = preSolution
		HideSolutionNode = FALSE
	EndGlobalSection
	GlobalSection(ExtensibilityGlobals) = postSolution
		SolutionGuid = {E6931BB2-61F9-4886-9AAD-F0DE63BBEF74}
	EndGlobalSection
EndGlobal
