
Microsoft Visual Studio Solution File, Format Version 12.00
# Visual Studio Version 17
VisualStudioVersion = 17.13.35913.81 d17.13
MinimumVisualStudioVersion = 10.0.40219.1
Project("{FAE04EC0-301F-11D3-BF4B-00C04F79EFBC}") = "2352. Equal Row and Column Pairs", "2352. Equal Row and Column Pairs\2352. Equal Row and Column Pairs.csproj", "{45FECF1A-E80C-400A-B9E5-0AB3DDF41B8D}"
EndProject
Global
	GlobalSection(SolutionConfigurationPlatforms) = preSolution
		Debug|Any CPU = Debug|Any CPU
		Release|Any CPU = Release|Any CPU
	EndGlobalSection
	GlobalSection(ProjectConfigurationPlatforms) = postSolution
		{45FECF1A-E80C-400A-B9E5-0AB3DDF41B8D}.Debug|Any CPU.ActiveCfg = Debug|Any CPU
		{45FECF1A-E80C-400A-B9E5-0AB3DDF41B8D}.Debug|Any CPU.Build.0 = Debug|Any CPU
		{45FECF1A-E80C-400A-B9E5-0AB3DDF41B8D}.Release|Any CPU.ActiveCfg = Release|Any CPU
		{45FECF1A-E80C-400A-B9E5-0AB3DDF41B8D}.Release|Any CPU.Build.0 = Release|Any CPU
	EndGlobalSection
	GlobalSection(SolutionProperties) = preSolution
		HideSolutionNode = FALSE
	EndGlobalSection
	GlobalSection(ExtensibilityGlobals) = postSolution
		SolutionGuid = {0CE1ACFC-2D88-4F5D-B7C0-D1A64AC02344}
	EndGlobalSection
EndGlobal
