
Microsoft Visual Studio Solution File, Format Version 12.00
# Visual Studio Version 17
VisualStudioVersion = 17.13.35913.81 d17.13
MinimumVisualStudioVersion = 10.0.40219.1
Project("{FAE04EC0-301F-11D3-BF4B-00C04F79EFBC}") = "1189. Maximum Number of Balloons", "1189. Maximum Number of Balloons\1189. Maximum Number of Balloons.csproj", "{AF9F78CC-751A-442D-91A9-28BABDB5F528}"
EndProject
Global
	GlobalSection(SolutionConfigurationPlatforms) = preSolution
		Debug|Any CPU = Debug|Any CPU
		Release|Any CPU = Release|Any CPU
	EndGlobalSection
	GlobalSection(ProjectConfigurationPlatforms) = postSolution
		{AF9F78CC-751A-442D-91A9-28BABDB5F528}.Debug|Any CPU.ActiveCfg = Debug|Any CPU
		{AF9F78CC-751A-442D-91A9-28BABDB5F528}.Debug|Any CPU.Build.0 = Debug|Any CPU
		{AF9F78CC-751A-442D-91A9-28BABDB5F528}.Release|Any CPU.ActiveCfg = Release|Any CPU
		{AF9F78CC-751A-442D-91A9-28BABDB5F528}.Release|Any CPU.Build.0 = Release|Any CPU
	EndGlobalSection
	GlobalSection(SolutionProperties) = preSolution
		HideSolutionNode = FALSE
	EndGlobalSection
	GlobalSection(ExtensibilityGlobals) = postSolution
		SolutionGuid = {E530E9C1-099A-44DE-AFBC-A060F287294B}
	EndGlobalSection
EndGlobal
