
Microsoft Visual Studio Solution File, Format Version 12.00
# Visual Studio Version 17
VisualStudioVersion = 17.13.35913.81 d17.13
MinimumVisualStudioVersion = 10.0.40219.1
Project("{FAE04EC0-301F-11D3-BF4B-00C04F79EFBC}") = "217. Contains Duplicate", "217. Contains Duplicate\217. Contains Duplicate.csproj", "{5D2D29D6-2667-4F89-8C58-44F5F8A0449D}"
EndProject
Global
	GlobalSection(SolutionConfigurationPlatforms) = preSolution
		Debug|Any CPU = Debug|Any CPU
		Release|Any CPU = Release|Any CPU
	EndGlobalSection
	GlobalSection(ProjectConfigurationPlatforms) = postSolution
		{5D2D29D6-2667-4F89-8C58-44F5F8A0449D}.Debug|Any CPU.ActiveCfg = Debug|Any CPU
		{5D2D29D6-2667-4F89-8C58-44F5F8A0449D}.Debug|Any CPU.Build.0 = Debug|Any CPU
		{5D2D29D6-2667-4F89-8C58-44F5F8A0449D}.Release|Any CPU.ActiveCfg = Release|Any CPU
		{5D2D29D6-2667-4F89-8C58-44F5F8A0449D}.Release|Any CPU.Build.0 = Release|Any CPU
	EndGlobalSection
	GlobalSection(SolutionProperties) = preSolution
		HideSolutionNode = FALSE
	EndGlobalSection
	GlobalSection(ExtensibilityGlobals) = postSolution
		SolutionGuid = {E4C7E473-F059-4ED6-86B8-8B2B78793999}
	EndGlobalSection
EndGlobal
