
Microsoft Visual Studio Solution File, Format Version 12.00
# Visual Studio Version 17
VisualStudioVersion = 17.13.35913.81 d17.13
MinimumVisualStudioVersion = 10.0.40219.1
Project("{FAE04EC0-301F-11D3-BF4B-00C04F79EFBC}") = "102. Binary Tree Level Order Traversal", "102. Binary Tree Level Order Traversal\102. Binary Tree Level Order Traversal.csproj", "{7C71B61C-41B2-4A24-8DA2-D6352E4BF32B}"
EndProject
Global
	GlobalSection(SolutionConfigurationPlatforms) = preSolution
		Debug|Any CPU = Debug|Any CPU
		Release|Any CPU = Release|Any CPU
	EndGlobalSection
	GlobalSection(ProjectConfigurationPlatforms) = postSolution
		{7C71B61C-41B2-4A24-8DA2-D6352E4BF32B}.Debug|Any CPU.ActiveCfg = Debug|Any CPU
		{7C71B61C-41B2-4A24-8DA2-D6352E4BF32B}.Debug|Any CPU.Build.0 = Debug|Any CPU
		{7C71B61C-41B2-4A24-8DA2-D6352E4BF32B}.Release|Any CPU.ActiveCfg = Release|Any CPU
		{7C71B61C-41B2-4A24-8DA2-D6352E4BF32B}.Release|Any CPU.Build.0 = Release|Any CPU
	EndGlobalSection
	GlobalSection(SolutionProperties) = preSolution
		HideSolutionNode = FALSE
	EndGlobalSection
	GlobalSection(ExtensibilityGlobals) = postSolution
		SolutionGuid = {A0FF328E-0CEE-4A91-AE93-2945F46CBB75}
	EndGlobalSection
EndGlobal
