
Microsoft Visual Studio Solution File, Format Version 12.00
# Visual Studio Version 17
VisualStudioVersion = 17.13.35913.81 d17.13
MinimumVisualStudioVersion = 10.0.40219.1
Project("{FAE04EC0-301F-11D3-BF4B-00C04F79EFBC}") = "581. Shortest Unsorted Continuous Subarray", "581. Shortest Unsorted Continuous Subarray\581. Shortest Unsorted Continuous Subarray.csproj", "{191DEB47-5D8A-4847-9C4A-8B636D1C29DF}"
EndProject
Global
	GlobalSection(SolutionConfigurationPlatforms) = preSolution
		Debug|Any CPU = Debug|Any CPU
		Release|Any CPU = Release|Any CPU
	EndGlobalSection
	GlobalSection(ProjectConfigurationPlatforms) = postSolution
		{191DEB47-5D8A-4847-9C4A-8B636D1C29DF}.Debug|Any CPU.ActiveCfg = Debug|Any CPU
		{191DEB47-5D8A-4847-9C4A-8B636D1C29DF}.Debug|Any CPU.Build.0 = Debug|Any CPU
		{191DEB47-5D8A-4847-9C4A-8B636D1C29DF}.Release|Any CPU.ActiveCfg = Release|Any CPU
		{191DEB47-5D8A-4847-9C4A-8B636D1C29DF}.Release|Any CPU.Build.0 = Release|Any CPU
	EndGlobalSection
	GlobalSection(SolutionProperties) = preSolution
		HideSolutionNode = FALSE
	EndGlobalSection
	GlobalSection(ExtensibilityGlobals) = postSolution
		SolutionGuid = {AAA1AE66-B0A5-4F27-B836-4C9B75BC673D}
	EndGlobalSection
EndGlobal
