
Microsoft Visual Studio Solution File, Format Version 12.00
# Visual Studio Version 17
VisualStudioVersion = 17.13.35913.81 d17.13
MinimumVisualStudioVersion = 10.0.40219.1
Project("{FAE04EC0-301F-11D3-BF4B-00C04F79EFBC}") = "3110. Score of a String", "3110. Score of a String\3110. Score of a String.csproj", "{BA272391-8C21-4FA8-A2A4-4BC6D434BB6F}"
EndProject
Global
	GlobalSection(SolutionConfigurationPlatforms) = preSolution
		Debug|Any CPU = Debug|Any CPU
		Release|Any CPU = Release|Any CPU
	EndGlobalSection
	GlobalSection(ProjectConfigurationPlatforms) = postSolution
		{BA272391-8C21-4FA8-A2A4-4BC6D434BB6F}.Debug|Any CPU.ActiveCfg = Debug|Any CPU
		{BA272391-8C21-4FA8-A2A4-4BC6D434BB6F}.Debug|Any CPU.Build.0 = Debug|Any CPU
		{BA272391-8C21-4FA8-A2A4-4BC6D434BB6F}.Release|Any CPU.ActiveCfg = Release|Any CPU
		{BA272391-8C21-4FA8-A2A4-4BC6D434BB6F}.Release|Any CPU.Build.0 = Release|Any CPU
	EndGlobalSection
	GlobalSection(SolutionProperties) = preSolution
		HideSolutionNode = FALSE
	EndGlobalSection
	GlobalSection(ExtensibilityGlobals) = postSolution
		SolutionGuid = {49219F95-BEDC-467D-BEE0-7C03DE85D5CA}
	EndGlobalSection
EndGlobal
